
Microsoft Visual Studio Solution File, Format Version 12.00
# Visual Studio Version 16
VisualStudioVersion = 16.0.30413.136
MinimumVisualStudioVersion = 10.0.40219.1
Project("{9A19103F-16F7-4668-BE54-9A1E7A4F7556}") = "7024Movies", "7024Movies\7024Movies.csproj", "{D4412A7E-8C9E-4506-9AD6-7276F324AEEF}"
EndProject
Global
	GlobalSection(SolutionConfigurationPlatforms) = preSolution
		Debug|Any CPU = Debug|Any CPU
		Release|Any CPU = Release|Any CPU
	EndGlobalSection
	GlobalSection(ProjectConfigurationPlatforms) = postSolution
		{D4412A7E-8C9E-4506-9AD6-7276F324AEEF}.Debug|Any CPU.ActiveCfg = Debug|Any CPU
		{D4412A7E-8C9E-4506-9AD6-7276F324AEEF}.Debug|Any CPU.Build.0 = Debug|Any CPU
		{D4412A7E-8C9E-4506-9AD6-7276F324AEEF}.Release|Any CPU.ActiveCfg = Release|Any CPU
		{D4412A7E-8C9E-4506-9AD6-7276F324AEEF}.Release|Any CPU.Build.0 = Release|Any CPU
	EndGlobalSection
	GlobalSection(SolutionProperties) = preSolution
		HideSolutionNode = FALSE
	EndGlobalSection
	GlobalSection(ExtensibilityGlobals) = postSolution
		SolutionGuid = {56C8E283-1EB0-41E1-A85F-58B558FDCECC}
	EndGlobalSection
EndGlobal
